// !$*UTF8*$!
{
	archiveVersion = 1;
	classes = {
	};
	objectVersion = 50;
	objects = {

/* Begin PBXBuildFile section */
		73B4690A2187C39200AD893F /* AppDelegate.swift in Sources */ = {isa = PBXBuildFile; fileRef = 73B469092187C39200AD893F /* AppDelegate.swift */; };
		73B4690C2187C39200AD893F /* ViewController.swift in Sources */ = {isa = PBXBuildFile; fileRef = 73B4690B2187C39200AD893F /* ViewController.swift */; };
		73B4690F2187C39200AD893F /* Main.storyboard in Resources */ = {isa = PBXBuildFile; fileRef = 73B4690D2187C39200AD893F /* Main.storyboard */; };
		73B469112187C39300AD893F /* Assets.xcassets in Resources */ = {isa = PBXBuildFile; fileRef = 73B469102187C39300AD893F /* Assets.xcassets */; };
		73B469142187C39300AD893F /* LaunchScreen.storyboard in Resources */ = {isa = PBXBuildFile; fileRef = 73B469122187C39300AD893F /* LaunchScreen.storyboard */; };
		73B4691F2187C39300AD893F /* MapSearchTests.swift in Sources */ = {isa = PBXBuildFile; fileRef = 73B4691E2187C39300AD893F /* MapSearchTests.swift */; };
		73B4692A2187C39300AD893F /* MapSearchUITests.swift in Sources */ = {isa = PBXBuildFile; fileRef = 73B469292187C39300AD893F /* MapSearchUITests.swift */; };
		73B469382187C3CA00AD893F /* MapNetworkManager.swift in Sources */ = {isa = PBXBuildFile; fileRef = 73B469372187C3CA00AD893F /* MapNetworkManager.swift */; };
		73B4693A2187F38700AD893F /* MapTableViewCell.swift in Sources */ = {isa = PBXBuildFile; fileRef = 73B469392187F38700AD893F /* MapTableViewCell.swift */; };
		73B4693C2187FEFA00AD893F /* MapURLRequest.swift in Sources */ = {isa = PBXBuildFile; fileRef = 73B4693B2187FEFA00AD893F /* MapURLRequest.swift */; };
/* End PBXBuildFile section */

/* Begin PBXContainerItemProxy section */
		73B4691B2187C39300AD893F /* PBXContainerItemProxy */ = {
			isa = PBXContainerItemProxy;
			containerPortal = 73B468FE2187C39200AD893F /* Project object */;
			proxyType = 1;
			remoteGlobalIDString = 73B469052187C39200AD893F;
			remoteInfo = MapSearch;
		};
		73B469262187C39300AD893F /* PBXContainerItemProxy */ = {
			isa = PBXContainerItemProxy;
			containerPortal = 73B468FE2187C39200AD893F /* Project object */;
			proxyType = 1;
			remoteGlobalIDString = 73B469052187C39200AD893F;
			remoteInfo = MapSearch;
		};
/* End PBXContainerItemProxy section */

/* Begin PBXFileReference section */
		73B469062187C39200AD893F /* MapSearch.app */ = {isa = PBXFileReference; explicitFileType = wrapper.application; includeInIndex = 0; path = MapSearch.app; sourceTree = BUILT_PRODUCTS_DIR; };
		73B469092187C39200AD893F /* AppDelegate.swift */ = {isa = PBXFileReference; lastKnownFileType = sourcecode.swift; path = AppDelegate.swift; sourceTree = "<group>"; };
		73B4690B2187C39200AD893F /* ViewController.swift */ = {isa = PBXFileReference; lastKnownFileType = sourcecode.swift; path = ViewController.swift; sourceTree = "<group>"; };
		73B4690E2187C39200AD893F /* Base */ = {isa = PBXFileReference; lastKnownFileType = file.storyboard; name = Base; path = Base.lproj/Main.storyboard; sourceTree = "<group>"; };
		73B469102187C39300AD893F /* Assets.xcassets */ = {isa = PBXFileReference; lastKnownFileType = folder.assetcatalog; path = Assets.xcassets; sourceTree = "<group>"; };
		73B469132187C39300AD893F /* Base */ = {isa = PBXFileReference; lastKnownFileType = file.storyboard; name = Base; path = Base.lproj/LaunchScreen.storyboard; sourceTree = "<group>"; };
		73B469152187C39300AD893F /* Info.plist */ = {isa = PBXFileReference; lastKnownFileType = text.plist.xml; path = Info.plist; sourceTree = "<group>"; };
		73B4691A2187C39300AD893F /* MapSearchTests.xctest */ = {isa = PBXFileReference; explicitFileType = wrapper.cfbundle; includeInIndex = 0; path = MapSearchTests.xctest; sourceTree = BUILT_PRODUCTS_DIR; };
		73B4691E2187C39300AD893F /* MapSearchTests.swift */ = {isa = PBXFileReference; lastKnownFileType = sourcecode.swift; path = MapSearchTests.swift; sourceTree = "<group>"; };
		73B469202187C39300AD893F /* Info.plist */ = {isa = PBXFileReference; lastKnownFileType = text.plist.xml; path = Info.plist; sourceTree = "<group>"; };
		73B469252187C39300AD893F /* MapSearchUITests.xctest */ = {isa = PBXFileReference; explicitFileType = wrapper.cfbundle; includeInIndex = 0; path = MapSearchUITests.xctest; sourceTree = BUILT_PRODUCTS_DIR; };
		73B469292187C39300AD893F /* MapSearchUITests.swift */ = {isa = PBXFileReference; lastKnownFileType = sourcecode.swift; path = MapSearchUITests.swift; sourceTree = "<group>"; };
		73B4692B2187C39300AD893F /* Info.plist */ = {isa = PBXFileReference; lastKnownFileType = text.plist.xml; path = Info.plist; sourceTree = "<group>"; };
		73B469372187C3CA00AD893F /* MapNetworkManager.swift */ = {isa = PBXFileReference; lastKnownFileType = sourcecode.swift; path = MapNetworkManager.swift; sourceTree = "<group>"; };
		73B469392187F38700AD893F /* MapTableViewCell.swift */ = {isa = PBXFileReference; lastKnownFileType = sourcecode.swift; path = MapTableViewCell.swift; sourceTree = "<group>"; };
		73B4693B2187FEFA00AD893F /* MapURLRequest.swift */ = {isa = PBXFileReference; lastKnownFileType = sourcecode.swift; path = MapURLRequest.swift; sourceTree = "<group>"; };
/* End PBXFileReference section */

/* Begin PBXFrameworksBuildPhase section */
		73B469032187C39200AD893F /* Frameworks */ = {
			isa = PBXFrameworksBuildPhase;
			buildActionMask = 2147483647;
			files = (
			);
			runOnlyForDeploymentPostprocessing = 0;
		};
		73B469172187C39300AD893F /* Frameworks */ = {
			isa = PBXFrameworksBuildPhase;
			buildActionMask = 2147483647;
			files = (
			);
			runOnlyForDeploymentPostprocessing = 0;
		};
		73B469222187C39300AD893F /* Frameworks */ = {
			isa = PBXFrameworksBuildPhase;
			buildActionMask = 2147483647;
			files = (
			);
			runOnlyForDeploymentPostprocessing = 0;
		};
/* End PBXFrameworksBuildPhase section */

/* Begin PBXGroup section */
		73B468FD2187C39200AD893F = {
			isa = PBXGroup;
			children = (
				73B469082187C39200AD893F /* MapSearch */,
				73B4691D2187C39300AD893F /* MapSearchTests */,
				73B469282187C39300AD893F /* MapSearchUITests */,
				73B469072187C39200AD893F /* Products */,
			);
			sourceTree = "<group>";
		};
		73B469072187C39200AD893F /* Products */ = {
			isa = PBXGroup;
			children = (
				73B469062187C39200AD893F /* MapSearch.app */,
				73B4691A2187C39300AD893F /* MapSearchTests.xctest */,
				73B469252187C39300AD893F /* MapSearchUITests.xctest */,
			);
			name = Products;
			sourceTree = "<group>";
		};
		73B469082187C39200AD893F /* MapSearch */ = {
			isa = PBXGroup;
			children = (
				73B469092187C39200AD893F /* AppDelegate.swift */,
				73B4690B2187C39200AD893F /* ViewController.swift */,
				73B4693B2187FEFA00AD893F /* MapURLRequest.swift */,
				73B469392187F38700AD893F /* MapTableViewCell.swift */,
				73B469372187C3CA00AD893F /* MapNetworkManager.swift */,
				73B4690D2187C39200AD893F /* Main.storyboard */,
				73B469102187C39300AD893F /* Assets.xcassets */,
				73B469122187C39300AD893F /* LaunchScreen.storyboard */,
				73B469152187C39300AD893F /* Info.plist */,
			);
			path = MapSearch;
			sourceTree = "<group>";
		};
		73B4691D2187C39300AD893F /* MapSearchTests */ = {
			isa = PBXGroup;
			children = (
				73B4691E2187C39300AD893F /* MapSearchTests.swift */,
				73B469202187C39300AD893F /* Info.plist */,
			);
			path = MapSearchTests;
			sourceTree = "<group>";
		};
		73B469282187C39300AD893F /* MapSearchUITests */ = {
			isa = PBXGroup;
			children = (
				73B469292187C39300AD893F /* MapSearchUITests.swift */,
				73B4692B2187C39300AD893F /* Info.plist */,
			);
			path = MapSearchUITests;
			sourceTree = "<group>";
		};
/* End PBXGroup section */

/* Begin PBXNativeTarget section */
		73B469052187C39200AD893F /* MapSearch */ = {
			isa = PBXNativeTarget;
			buildConfigurationList = 73B4692E2187C39300AD893F /* Build configuration list for PBXNativeTarget "MapSearch" */;
			buildPhases = (
				73B469022187C39200AD893F /* Sources */,
				73B469032187C39200AD893F /* Frameworks */,
				73B469042187C39200AD893F /* Resources */,
			);
			buildRules = (
			);
			dependencies = (
			);
			name = MapSearch;
			productName = MapSearch;
			productReference = 73B469062187C39200AD893F /* MapSearch.app */;
			productType = "com.apple.product-type.application";
		};
		73B469192187C39300AD893F /* MapSearchTests */ = {
			isa = PBXNativeTarget;
			buildConfigurationList = 73B469312187C39300AD893F /* Build configuration list for PBXNativeTarget "MapSearchTests" */;
			buildPhases = (
				73B469162187C39300AD893F /* Sources */,
				73B469172187C39300AD893F /* Frameworks */,
				73B469182187C39300AD893F /* Resources */,
			);
			buildRules = (
			);
			dependencies = (
				73B4691C2187C39300AD893F /* PBXTargetDependency */,
			);
			name = MapSearchTests;
			productName = MapSearchTests;
			productReference = 73B4691A2187C39300AD893F /* MapSearchTests.xctest */;
			productType = "com.apple.product-type.bundle.unit-test";
		};
		73B469242187C39300AD893F /* MapSearchUITests */ = {
			isa = PBXNativeTarget;
			buildConfigurationList = 73B469342187C39300AD893F /* Build configuration list for PBXNativeTarget "MapSearchUITests" */;
			buildPhases = (
				73B469212187C39300AD893F /* Sources */,
				73B469222187C39300AD893F /* Frameworks */,
				73B469232187C39300AD893F /* Resources */,
			);
			buildRules = (
			);
			dependencies = (
				73B469272187C39300AD893F /* PBXTargetDependency */,
			);
			name = MapSearchUITests;
			productName = MapSearchUITests;
			productReference = 73B469252187C39300AD893F /* MapSearchUITests.xctest */;
			productType = "com.apple.product-type.bundle.ui-testing";
		};
/* End PBXNativeTarget section */

/* Begin PBXProject section */
		73B468FE2187C39200AD893F /* Project object */ = {
			isa = PBXProject;
			attributes = {
				LastSwiftUpdateCheck = 1000;
				LastUpgradeCheck = 1000;
				ORGANIZATIONNAME = "Consult Partners US";
				TargetAttributes = {
					73B469052187C39200AD893F = {
						CreatedOnToolsVersion = 10.0;
					};
					73B469192187C39300AD893F = {
						CreatedOnToolsVersion = 10.0;
						TestTargetID = 73B469052187C39200AD893F;
					};
					73B469242187C39300AD893F = {
						CreatedOnToolsVersion = 10.0;
						TestTargetID = 73B469052187C39200AD893F;
					};
				};
			};
			buildConfigurationList = 73B469012187C39200AD893F /* Build configuration list for PBXProject "MapSearch" */;
			compatibilityVersion = "Xcode 9.3";
			developmentRegion = en;
			hasScannedForEncodings = 0;
			knownRegions = (
				en,
				Base,
			);
			mainGroup = 73B468FD2187C39200AD893F;
			productRefGroup = 73B469072187C39200AD893F /* Products */;
			projectDirPath = "";
			projectRoot = "";
			targets = (
				73B469052187C39200AD893F /* MapSearch */,
				73B469192187C39300AD893F /* MapSearchTests */,
				73B469242187C39300AD893F /* MapSearchUITests */,
			);
		};
/* End PBXProject section */

/* Begin PBXResourcesBuildPhase section */
		73B469042187C39200AD893F /* Resources */ = {
			isa = PBXResourcesBuildPhase;
			buildActionMask = 2147483647;
			files = (
				73B469142187C39300AD893F /* LaunchScreen.storyboard in Resources */,
				73B469112187C39300AD893F /* Assets.xcassets in Resources */,
				73B4690F2187C39200AD893F /* Main.storyboard in Resources */,
			);
			runOnlyForDeploymentPostprocessing = 0;
		};
		73B469182187C39300AD893F /* Resources */ = {
			isa = PBXResourcesBuildPhase;
			buildActionMask = 2147483647;
			files = (
			);
			runOnlyForDeploymentPostprocessing = 0;
		};
		73B469232187C39300AD893F /* Resources */ = {
			isa = PBXResourcesBuildPhase;
			buildActionMask = 2147483647;
			files = (
			);
			runOnlyForDeploymentPostprocessing = 0;
		};
/* End PBXResourcesBuildPhase section */

/* Begin PBXSourcesBuildPhase section */
		73B469022187C39200AD893F /* Sources */ = {
			isa = PBXSourcesBuildPhase;
			buildActionMask = 2147483647;
			files = (
				73B4690C2187C39200AD893F /* ViewController.swift in Sources */,
				73B4690A2187C39200AD893F /* AppDelegate.swift in Sources */,
				73B4693A2187F38700AD893F /* MapTableViewCell.swift in Sources */,
				73B469382187C3CA00AD893F /* MapNetworkManager.swift in Sources */,
				73B4693C2187FEFA00AD893F /* MapURLRequest.swift in Sources */,
			);
			runOnlyForDeploymentPostprocessing = 0;
		};
		73B469162187C39300AD893F /* Sources */ = {
			isa = PBXSourcesBuildPhase;
			buildActionMask = 2147483647;
			files = (
				73B4691F2187C39300AD893F /* MapSearchTests.swift in Sources */,
			);
			runOnlyForDeploymentPostprocessing = 0;
		};
		73B469212187C39300AD893F /* Sources */ = {
			isa = PBXSourcesBuildPhase;
			buildActionMask = 2147483647;
			files = (
				73B4692A2187C39300AD893F /* MapSearchUITests.swift in Sources */,
			);
			runOnlyForDeploymentPostprocessing = 0;
		};
/* End PBXSourcesBuildPhase section */

/* Begin PBXTargetDependency section */
		73B4691C2187C39300AD893F /* PBXTargetDependency */ = {
			isa = PBXTargetDependency;
			target = 73B469052187C39200AD893F /* MapSearch */;
			targetProxy = 73B4691B2187C39300AD893F /* PBXContainerItemProxy */;
		};
		73B469272187C39300AD893F /* PBXTargetDependency */ = {
			isa = PBXTargetDependency;
			target = 73B469052187C39200AD893F /* MapSearch */;
			targetProxy = 73B469262187C39300AD893F /* PBXContainerItemProxy */;
		};
/* End PBXTargetDependency section */

/* Begin PBXVariantGroup section */
		73B4690D2187C39200AD893F /* Main.storyboard */ = {
			isa = PBXVariantGroup;
			children = (
				73B4690E2187C39200AD893F /* Base */,
			);
			name = Main.storyboard;
			sourceTree = "<group>";
		};
		73B469122187C39300AD893F /* LaunchScreen.storyboard */ = {
			isa = PBXVariantGroup;
			children = (
				73B469132187C39300AD893F /* Base */,
			);
			name = LaunchScreen.storyboard;
			sourceTree = "<group>";
		};
/* End PBXVariantGroup section */

/* Begin XCBuildConfiguration section */
		73B4692C2187C39300AD893F /* Debug */ = {
			isa = XCBuildConfiguration;
			buildSettings = {
				ALWAYS_SEARCH_USER_PATHS = NO;
				CLANG_ANALYZER_NONNULL = YES;
				CLANG_ANALYZER_NUMBER_OBJECT_CONVERSION = YES_AGGRESSIVE;
				CLANG_CXX_LANGUAGE_STANDARD = "gnu++14";
				CLANG_CXX_LIBRARY = "libc++";
				CLANG_ENABLE_MODULES = YES;
				CLANG_ENABLE_OBJC_ARC = YES;
				CLANG_ENABLE_OBJC_WEAK = YES;
				CLANG_WARN_BLOCK_CAPTURE_AUTORELEASING = YES;
				CLANG_WARN_BOOL_CONVERSION = YES;
				CLANG_WARN_COMMA = YES;
				CLANG_WARN_CONSTANT_CONVERSION = YES;
				CLANG_WARN_DEPRECATED_OBJC_IMPLEMENTATIONS = YES;
				CLANG_WARN_DIRECT_OBJC_ISA_USAGE = YES_ERROR;
				CLANG_WARN_DOCUMENTATION_COMMENTS = YES;
				CLANG_WARN_EMPTY_BODY = YES;
				CLANG_WARN_ENUM_CONVERSION = YES;
				CLANG_WARN_INFINITE_RECURSION = YES;
				CLANG_WARN_INT_CONVERSION = YES;
				CLANG_WARN_NON_LITERAL_NULL_CONVERSION = YES;
				CLANG_WARN_OBJC_IMPLICIT_RETAIN_SELF = YES;
				CLANG_WARN_OBJC_LITERAL_CONVERSION = YES;
				CLANG_WARN_OBJC_ROOT_CLASS = YES_ERROR;
				CLANG_WARN_RANGE_LOOP_ANALYSIS = YES;
				CLANG_WARN_STRICT_PROTOTYPES = YES;
				CLANG_WARN_SUSPICIOUS_MOVE = YES;
				CLANG_WARN_UNGUARDED_AVAILABILITY = YES_AGGRESSIVE;
				CLANG_WARN_UNREACHABLE_CODE = YES;
				CLANG_WARN__DUPLICATE_METHOD_MATCH = YES;
				CODE_SIGN_IDENTITY = "iPhone Developer";
				COPY_PHASE_STRIP = NO;
				DEBUG_INFORMATION_FORMAT = dwarf;
				ENABLE_STRICT_OBJC_MSGSEND = YES;
				ENABLE_TESTABILITY = YES;
				GCC_C_LANGUAGE_STANDARD = gnu11;
				GCC_DYNAMIC_NO_PIC = NO;
				GCC_NO_COMMON_BLOCKS = YES;
				GCC_OPTIMIZATION_LEVEL = 0;
				GCC_PREPROCESSOR_DEFINITIONS = (
					"DEBUG=1",
					"$(inherited)",
				);
				GCC_WARN_64_TO_32_BIT_CONVERSION = YES;
				GCC_WARN_ABOUT_RETURN_TYPE = YES_ERROR;
				GCC_WARN_UNDECLARED_SELECTOR = YES;
				GCC_WARN_UNINITIALIZED_AUTOS = YES_AGGRESSIVE;
				GCC_WARN_UNUSED_FUNCTION = YES;
				GCC_WARN_UNUSED_VARIABLE = YES;
				IPHONEOS_DEPLOYMENT_TARGET = 12.0;
				MTL_ENABLE_DEBUG_INFO = INCLUDE_SOURCE;
				MTL_FAST_MATH = YES;
				ONLY_ACTIVE_ARCH = YES;
				SDKROOT = iphoneos;
				SWIFT_ACTIVE_COMPILATION_CONDITIONS = DEBUG;
				SWIFT_OPTIMIZATION_LEVEL = "-Onone";
			};
			name = Debug;
		};
		73B4692D2187C39300AD893F /* Release */ = {
			isa = XCBuildConfiguration;
			buildSettings = {
				ALWAYS_SEARCH_USER_PATHS = NO;
				CLANG_ANALYZER_NONNULL = YES;
				CLANG_ANALYZER_NUMBER_OBJECT_CONVERSION = YES_AGGRESSIVE;
				CLANG_CXX_LANGUAGE_STANDARD = "gnu++14";
				CLANG_CXX_LIBRARY = "libc++";
				CLANG_ENABLE_MODULES = YES;
				CLANG_ENABLE_OBJC_ARC = YES;
				CLANG_ENABLE_OBJC_WEAK = YES;
				CLANG_WARN_BLOCK_CAPTURE_AUTORELEASING = YES;
				CLANG_WARN_BOOL_CONVERSION = YES;
				CLANG_WARN_COMMA = YES;
				CLANG_WARN_CONSTANT_CONVERSION = YES;
				CLANG_WARN_DEPRECATED_OBJC_IMPLEMENTATIONS = YES;
				CLANG_WARN_DIRECT_OBJC_ISA_USAGE = YES_ERROR;
				CLANG_WARN_DOCUMENTATION_COMMENTS = YES;
				CLANG_WARN_EMPTY_BODY = YES;
				CLANG_WARN_ENUM_CONVERSION = YES;
				CLANG_WARN_INFINITE_RECURSION = YES;
				CLANG_WARN_INT_CONVERSION = YES;
				CLANG_WARN_NON_LITERAL_NULL_CONVERSION = YES;
				CLANG_WARN_OBJC_IMPLICIT_RETAIN_SELF = YES;
				CLANG_WARN_OBJC_LITERAL_CONVERSION = YES;
				CLANG_WARN_OBJC_ROOT_CLASS = YES_ERROR;
				CLANG_WARN_RANGE_LOOP_ANALYSIS = YES;
				CLANG_WARN_STRICT_PROTOTYPES = YES;
				CLANG_WARN_SUSPICIOUS_MOVE = YES;
				CLANG_WARN_UNGUARDED_AVAILABILITY = YES_AGGRESSIVE;
				CLANG_WARN_UNREACHABLE_CODE = YES;
				CLANG_WARN__DUPLICATE_METHOD_MATCH = YES;
				CODE_SIGN_IDENTITY = "iPhone Developer";
				COPY_PHASE_STRIP = NO;
				DEBUG_INFORMATION_FORMAT = "dwarf-with-dsym";
				ENABLE_NS_ASSERTIONS = NO;
				ENABLE_STRICT_OBJC_MSGSEND = YES;
				GCC_C_LANGUAGE_STANDARD = gnu11;
				GCC_NO_COMMON_BLOCKS = YES;
				GCC_WARN_64_TO_32_BIT_CONVERSION = YES;
				GCC_WARN_ABOUT_RETURN_TYPE = YES_ERROR;
				GCC_WARN_UNDECLARED_SELECTOR = YES;
				GCC_WARN_UNINITIALIZED_AUTOS = YES_AGGRESSIVE;
				GCC_WARN_UNUSED_FUNCTION = YES;
				GCC_WARN_UNUSED_VARIABLE = YES;
				IPHONEOS_DEPLOYMENT_TARGET = 12.0;
				MTL_ENABLE_DEBUG_INFO = NO;
				MTL_FAST_MATH = YES;
				SDKROOT = iphoneos;
				SWIFT_COMPILATION_MODE = wholemodule;
				SWIFT_OPTIMIZATION_LEVEL = "-O";
				VALIDATE_PRODUCT = YES;
			};
			name = Release;
		};
		73B4692F2187C39300AD893F /* Debug */ = {
			isa = XCBuildConfiguration;
			buildSettings = {
				ASSETCATALOG_COMPILER_APPICON_NAME = AppIcon;
				CODE_SIGN_STYLE = Automatic;
				INFOPLIST_FILE = MapSearch/Info.plist;
				LD_RUNPATH_SEARCH_PATHS = (
					"$(inherited)",
					"@executable_path/Frameworks",
				);
				PRODUCT_BUNDLE_IDENTIFIER = us.consultpartners.MapSearch;
				PRODUCT_NAME = "$(TARGET_NAME)";
				SWIFT_VERSION = 4.2;
				TARGETED_DEVICE_FAMILY = "1,2";
			};
			name = Debug;
		};
		73B469302187C39300AD893F /* Release */ = {
			isa = XCBuildConfiguration;
			buildSettings = {
				ASSETCATALOG_COMPILER_APPICON_NAME = AppIcon;
				CODE_SIGN_STYLE = Automatic;
				INFOPLIST_FILE = MapSearch/Info.plist;
				LD_RUNPATH_SEARCH_PATHS = (
					"$(inherited)",
					"@executable_path/Frameworks",
				);
				PRODUCT_BUNDLE_IDENTIFIER = us.consultpartners.MapSearch;
				PRODUCT_NAME = "$(TARGET_NAME)";
				SWIFT_VERSION = 4.2;
				TARGETED_DEVICE_FAMILY = "1,2";
			};
			name = Release;
		};
		73B469322187C39300AD893F /* Debug */ = {
			isa = XCBuildConfiguration;
			buildSettings = {
				ALWAYS_EMBED_SWIFT_STANDARD_LIBRARIES = YES;
				BUNDLE_LOADER = "$(TEST_HOST)";
				CODE_SIGN_STYLE = Automatic;
				INFOPLIST_FILE = MapSearchTests/Info.plist;
				LD_RUNPATH_SEARCH_PATHS = (
					"$(inherited)",
					"@executable_path/Frameworks",
					"@loader_path/Frameworks",
				);
				PRODUCT_BUNDLE_IDENTIFIER = us.consultpartners.MapSearchTests;
				PRODUCT_NAME = "$(TARGET_NAME)";
				SWIFT_VERSION = 4.2;
				TARGETED_DEVICE_FAMILY = "1,2";
				TEST_HOST = "$(BUILT_PRODUCTS_DIR)/MapSearch.app/MapSearch";
			};
			name = Debug;
		};
		73B469332187C39300AD893F /* Release */ = {
			isa = XCBuildConfiguration;
			buildSettings = {
				ALWAYS_EMBED_SWIFT_STANDARD_LIBRARIES = YES;
				BUNDLE_LOADER = "$(TEST_HOST)";
				CODE_SIGN_STYLE = Automatic;
				INFOPLIST_FILE = MapSearchTests/Info.plist;
				LD_RUNPATH_SEARCH_PATHS = (
					"$(inherited)",
					"@executable_path/Frameworks",
					"@loader_path/Frameworks",
				);
				PRODUCT_BUNDLE_IDENTIFIER = us.consultpartners.MapSearchTests;
				PRODUCT_NAME = "$(TARGET_NAME)";
				SWIFT_VERSION = 4.2;
				TARGETED_DEVICE_FAMILY = "1,2";
				TEST_HOST = "$(BUILT_PRODUCTS_DIR)/MapSearch.app/MapSearch";
			};
			name = Release;
		};
		73B469352187C39300AD893F /* Debug */ = {
			isa = XCBuildConfiguration;
			buildSettings = {
				ALWAYS_EMBED_SWIFT_STANDARD_LIBRARIES = YES;
				CODE_SIGN_STYLE = Automatic;
				INFOPLIST_FILE = MapSearchUITests/Info.plist;
				LD_RUNPATH_SEARCH_PATHS = (
					"$(inherited)",
					"@executable_path/Frameworks",
					"@loader_path/Frameworks",
				);
				PRODUCT_BUNDLE_IDENTIFIER = us.consultpartners.MapSearchUITests;
				PRODUCT_NAME = "$(TARGET_NAME)";
				SWIFT_VERSION = 4.2;
				TARGETED_DEVICE_FAMILY = "1,2";
				TEST_TARGET_NAME = MapSearch;
			};
			name = Debug;
		};
		73B469362187C39300AD893F /* Release */ = {
			isa = XCBuildConfiguration;
			buildSettings = {
				ALWAYS_EMBED_SWIFT_STANDARD_LIBRARIES = YES;
				CODE_SIGN_STYLE = Automatic;
				INFOPLIST_FILE = MapSearchUITests/Info.plist;
				LD_RUNPATH_SEARCH_PATHS = (
					"$(inherited)",
					"@executable_path/Frameworks",
					"@loader_path/Frameworks",
				);
				PRODUCT_BUNDLE_IDENTIFIER = us.consultpartners.MapSearchUITests;
				PRODUCT_NAME = "$(TARGET_NAME)";
				SWIFT_VERSION = 4.2;
				TARGETED_DEVICE_FAMILY = "1,2";
				TEST_TARGET_NAME = MapSearch;
			};
			name = Release;
		};
/* End XCBuildConfiguration section */

/* Begin XCConfigurationList section */
		73B469012187C39200AD893F /* Build configuration list for PBXProject "MapSearch" */ = {
			isa = XCConfigurationList;
			buildConfigurations = (
				73B4692C2187C39300AD893F /* Debug */,
				73B4692D2187C39300AD893F /* Release */,
			);
			defaultConfigurationIsVisible = 0;
			defaultConfigurationName = Release;
		};
		73B4692E2187C39300AD893F /* Build configuration list for PBXNativeTarget "MapSearch" */ = {
			isa = XCConfigurationList;
			buildConfigurations = (
				73B4692F2187C39300AD893F /* Debug */,
				73B469302187C39300AD893F /* Release */,
			);
			defaultConfigurationIsVisible = 0;
			defaultConfigurationName = Release;
		};
		73B469312187C39300AD893F /* Build configuration list for PBXNativeTarget "MapSearchTests" */ = {
			isa = XCConfigurationList;
			buildConfigurations = (
				73B469322187C39300AD893F /* Debug */,
				73B469332187C39300AD893F /* Release */,
			);
			defaultConfigurationIsVisible = 0;
			defaultConfigurationName = Release;
		};
		73B469342187C39300AD893F /* Build configuration list for PBXNativeTarget "MapSearchUITests" */ = {
			isa = XCConfigurationList;
			buildConfigurations = (
				73B469352187C39300AD893F /* Debug */,
				73B469362187C39300AD893F /* Release */,
			);
			defaultConfigurationIsVisible = 0;
			defaultConfigurationName = Release;
		};
/* End XCConfigurationList section */
	};
	rootObject = 73B468FE2187C39200AD893F /* Project object */;
}
